
Microsoft Visual Studio Solution File, Format Version 12.00
# Visual Studio Version 16
VisualStudioVersion = 16.0.30114.105
MinimumVisualStudioVersion = 10.0.40219.1
Project("{FAE04EC0-301F-11D3-BF4B-00C04F79EFBC}") = "Desafio_Enumeração_Composição", "Desafio_Enumeração_Composição\Desafio_Enumeração_Composição.csproj", "{20F2EA23-8B74-4DF5-9831-ED57E36C32CC}"
EndProject
Global
	GlobalSection(SolutionConfigurationPlatforms) = preSolution
		Debug|Any CPU = Debug|Any CPU
		Release|Any CPU = Release|Any CPU
	EndGlobalSection
	GlobalSection(ProjectConfigurationPlatforms) = postSolution
		{20F2EA23-8B74-4DF5-9831-ED57E36C32CC}.Debug|Any CPU.ActiveCfg = Debug|Any CPU
		{20F2EA23-8B74-4DF5-9831-ED57E36C32CC}.Debug|Any CPU.Build.0 = Debug|Any CPU
		{20F2EA23-8B74-4DF5-9831-ED57E36C32CC}.Release|Any CPU.ActiveCfg = Release|Any CPU
		{20F2EA23-8B74-4DF5-9831-ED57E36C32CC}.Release|Any CPU.Build.0 = Release|Any CPU
	EndGlobalSection
	GlobalSection(SolutionProperties) = preSolution
		HideSolutionNode = FALSE
	EndGlobalSection
	GlobalSection(ExtensibilityGlobals) = postSolution
		SolutionGuid = {AD5A4C43-B685-42AE-88F6-3D00928E09B5}
	EndGlobalSection
EndGlobal
